
Microsoft Visual Studio Solution File, Format Version 12.00
Project("{FAE04EC0-301F-11D3-BF4B-00C04F79EFBC}") = "DataStructure", "DataStructure\DataStructure.csproj", "{0E77118F-98FA-4A56-931A-1D9437294C5E}"
EndProject
Project("{FAE04EC0-301F-11D3-BF4B-00C04F79EFBC}") = "Recursion", "Recursion\Recursion.csproj", "{0DC26852-9F64-4304-9725-19082A7A1700}"
EndProject
Project("{FAE04EC0-301F-11D3-BF4B-00C04F79EFBC}") = "BubbleSort", "BubbleSort\BubbleSort.csproj", "{19109568-A638-478C-8007-B73663B341F8}"
EndProject
Project("{FAE04EC0-301F-11D3-BF4B-00C04F79EFBC}") = "SelectionSort", "SelectionSort\SelectionSort.csproj", "{09ACD3CC-9294-4AFE-A6C4-21878F46A85B}"
EndProject
Project("{FAE04EC0-301F-11D3-BF4B-00C04F79EFBC}") = "InsertionSort", "InsertionSort\InsertionSort.csproj", "{8928700B-721E-4216-977B-E18F9220E08B}"
EndProject
Project("{FAE04EC0-301F-11D3-BF4B-00C04F79EFBC}") = "RevString", "RevString\RevString.csproj", "{95953217-D2C1-4EB0-9626-C8D1B784E4D9}"
EndProject
Project("{FAE04EC0-301F-11D3-BF4B-00C04F79EFBC}") = "BreadthFirstSearch", "BreadthFirstSearch\BreadthFirstSearch.csproj", "{7713FA4D-66D8-4A3E-A850-FDBF88B66A13}"
EndProject
Global
	GlobalSection(SolutionConfigurationPlatforms) = preSolution
		Debug|Any CPU = Debug|Any CPU
		Release|Any CPU = Release|Any CPU
	EndGlobalSection
	GlobalSection(ProjectConfigurationPlatforms) = postSolution
		{0E77118F-98FA-4A56-931A-1D9437294C5E}.Debug|Any CPU.ActiveCfg = Debug|Any CPU
		{0E77118F-98FA-4A56-931A-1D9437294C5E}.Debug|Any CPU.Build.0 = Debug|Any CPU
		{0E77118F-98FA-4A56-931A-1D9437294C5E}.Release|Any CPU.ActiveCfg = Release|Any CPU
		{0E77118F-98FA-4A56-931A-1D9437294C5E}.Release|Any CPU.Build.0 = Release|Any CPU
		{0DC26852-9F64-4304-9725-19082A7A1700}.Debug|Any CPU.ActiveCfg = Debug|Any CPU
		{0DC26852-9F64-4304-9725-19082A7A1700}.Debug|Any CPU.Build.0 = Debug|Any CPU
		{0DC26852-9F64-4304-9725-19082A7A1700}.Release|Any CPU.ActiveCfg = Release|Any CPU
		{0DC26852-9F64-4304-9725-19082A7A1700}.Release|Any CPU.Build.0 = Release|Any CPU
		{19109568-A638-478C-8007-B73663B341F8}.Debug|Any CPU.ActiveCfg = Debug|Any CPU
		{19109568-A638-478C-8007-B73663B341F8}.Debug|Any CPU.Build.0 = Debug|Any CPU
		{19109568-A638-478C-8007-B73663B341F8}.Release|Any CPU.ActiveCfg = Release|Any CPU
		{19109568-A638-478C-8007-B73663B341F8}.Release|Any CPU.Build.0 = Release|Any CPU
		{09ACD3CC-9294-4AFE-A6C4-21878F46A85B}.Debug|Any CPU.ActiveCfg = Debug|Any CPU
		{09ACD3CC-9294-4AFE-A6C4-21878F46A85B}.Debug|Any CPU.Build.0 = Debug|Any CPU
		{09ACD3CC-9294-4AFE-A6C4-21878F46A85B}.Release|Any CPU.ActiveCfg = Release|Any CPU
		{09ACD3CC-9294-4AFE-A6C4-21878F46A85B}.Release|Any CPU.Build.0 = Release|Any CPU
		{8928700B-721E-4216-977B-E18F9220E08B}.Debug|Any CPU.ActiveCfg = Debug|Any CPU
		{8928700B-721E-4216-977B-E18F9220E08B}.Debug|Any CPU.Build.0 = Debug|Any CPU
		{8928700B-721E-4216-977B-E18F9220E08B}.Release|Any CPU.ActiveCfg = Release|Any CPU
		{8928700B-721E-4216-977B-E18F9220E08B}.Release|Any CPU.Build.0 = Release|Any CPU
		{95953217-D2C1-4EB0-9626-C8D1B784E4D9}.Debug|Any CPU.ActiveCfg = Debug|Any CPU
		{95953217-D2C1-4EB0-9626-C8D1B784E4D9}.Debug|Any CPU.Build.0 = Debug|Any CPU
		{95953217-D2C1-4EB0-9626-C8D1B784E4D9}.Release|Any CPU.ActiveCfg = Release|Any CPU
		{95953217-D2C1-4EB0-9626-C8D1B784E4D9}.Release|Any CPU.Build.0 = Release|Any CPU
		{7713FA4D-66D8-4A3E-A850-FDBF88B66A13}.Debug|Any CPU.ActiveCfg = Debug|Any CPU
		{7713FA4D-66D8-4A3E-A850-FDBF88B66A13}.Debug|Any CPU.Build.0 = Debug|Any CPU
		{7713FA4D-66D8-4A3E-A850-FDBF88B66A13}.Release|Any CPU.ActiveCfg = Release|Any CPU
		{7713FA4D-66D8-4A3E-A850-FDBF88B66A13}.Release|Any CPU.Build.0 = Release|Any CPU
	EndGlobalSection
EndGlobal
